// !$*UTF8*$!
{
	archiveVersion = 1;
	classes = {
	};
	objectVersion = 50;
	objects = {

/* Begin PBXBuildFile section */
		222DE9C3226CADD300688A80 /* AppDelegate.swift in Sources */ = {isa = PBXBuildFile; fileRef = 222DE9C2226CADD300688A80 /* AppDelegate.swift */; };
		222DE9C5226CADD300688A80 /* ViewController.swift in Sources */ = {isa = PBXBuildFile; fileRef = 222DE9C4226CADD300688A80 /* ViewController.swift */; };
		222DE9C8226CADD300688A80 /* Main.storyboard in Resources */ = {isa = PBXBuildFile; fileRef = 222DE9C6226CADD300688A80 /* Main.storyboard */; };
		222DE9CA226CADD400688A80 /* Assets.xcassets in Resources */ = {isa = PBXBuildFile; fileRef = 222DE9C9226CADD400688A80 /* Assets.xcassets */; };
		222DE9CD226CADD400688A80 /* LaunchScreen.storyboard in Resources */ = {isa = PBXBuildFile; fileRef = 222DE9CB226CADD400688A80 /* LaunchScreen.storyboard */; };
		222DE9D8226CADD400688A80 /* PureMVVMSwiftTests.swift in Sources */ = {isa = PBXBuildFile; fileRef = 222DE9D7226CADD400688A80 /* PureMVVMSwiftTests.swift */; };
		222DE9E4226CB1E800688A80 /* LoginViewController.swift in Sources */ = {isa = PBXBuildFile; fileRef = 222DE9E3226CB1E800688A80 /* LoginViewController.swift */; };
		222DE9E6226CB48700688A80 /* LoginViewModel.swift in Sources */ = {isa = PBXBuildFile; fileRef = 222DE9E5226CB48700688A80 /* LoginViewModel.swift */; };
/* End PBXBuildFile section */

/* Begin PBXContainerItemProxy section */
		222DE9D4226CADD400688A80 /* PBXContainerItemProxy */ = {
			isa = PBXContainerItemProxy;
			containerPortal = 222DE9B7226CADD300688A80 /* Project object */;
			proxyType = 1;
			remoteGlobalIDString = 222DE9BE226CADD300688A80;
			remoteInfo = PureMVVMSwift;
		};
/* End PBXContainerItemProxy section */

/* Begin PBXFileReference section */
		222DE9BF226CADD300688A80 /* PureMVVMSwift.app */ = {isa = PBXFileReference; explicitFileType = wrapper.application; includeInIndex = 0; path = PureMVVMSwift.app; sourceTree = BUILT_PRODUCTS_DIR; };
		222DE9C2226CADD300688A80 /* AppDelegate.swift */ = {isa = PBXFileReference; lastKnownFileType = sourcecode.swift; path = AppDelegate.swift; sourceTree = "<group>"; };
		222DE9C4226CADD300688A80 /* ViewController.swift */ = {isa = PBXFileReference; lastKnownFileType = sourcecode.swift; path = ViewController.swift; sourceTree = "<group>"; };
		222DE9C7226CADD300688A80 /* Base */ = {isa = PBXFileReference; lastKnownFileType = file.storyboard; name = Base; path = Base.lproj/Main.storyboard; sourceTree = "<group>"; };
		222DE9C9226CADD400688A80 /* Assets.xcassets */ = {isa = PBXFileReference; lastKnownFileType = folder.assetcatalog; path = Assets.xcassets; sourceTree = "<group>"; };
		222DE9CC226CADD400688A80 /* Base */ = {isa = PBXFileReference; lastKnownFileType = file.storyboard; name = Base; path = Base.lproj/LaunchScreen.storyboard; sourceTree = "<group>"; };
		222DE9CE226CADD400688A80 /* Info.plist */ = {isa = PBXFileReference; lastKnownFileType = text.plist.xml; path = Info.plist; sourceTree = "<group>"; };
		222DE9D3226CADD400688A80 /* PureMVVMSwiftTests.xctest */ = {isa = PBXFileReference; explicitFileType = wrapper.cfbundle; includeInIndex = 0; path = PureMVVMSwiftTests.xctest; sourceTree = BUILT_PRODUCTS_DIR; };
		222DE9D7226CADD400688A80 /* PureMVVMSwiftTests.swift */ = {isa = PBXFileReference; lastKnownFileType = sourcecode.swift; path = PureMVVMSwiftTests.swift; sourceTree = "<group>"; };
		222DE9D9226CADD400688A80 /* Info.plist */ = {isa = PBXFileReference; lastKnownFileType = text.plist.xml; path = Info.plist; sourceTree = "<group>"; };
		222DE9E2226CADED00688A80 /* README.md */ = {isa = PBXFileReference; lastKnownFileType = net.daringfireball.markdown; path = README.md; sourceTree = "<group>"; };
		222DE9E3226CB1E800688A80 /* LoginViewController.swift */ = {isa = PBXFileReference; lastKnownFileType = sourcecode.swift; path = LoginViewController.swift; sourceTree = "<group>"; };
		222DE9E5226CB48700688A80 /* LoginViewModel.swift */ = {isa = PBXFileReference; lastKnownFileType = sourcecode.swift; path = LoginViewModel.swift; sourceTree = "<group>"; };
/* End PBXFileReference section */

/* Begin PBXFrameworksBuildPhase section */
		222DE9BC226CADD300688A80 /* Frameworks */ = {
			isa = PBXFrameworksBuildPhase;
			buildActionMask = 2147483647;
			files = (
			);
			runOnlyForDeploymentPostprocessing = 0;
		};
		222DE9D0226CADD400688A80 /* Frameworks */ = {
			isa = PBXFrameworksBuildPhase;
			buildActionMask = 2147483647;
			files = (
			);
			runOnlyForDeploymentPostprocessing = 0;
		};
/* End PBXFrameworksBuildPhase section */

/* Begin PBXGroup section */
		222DE9B6226CADD300688A80 = {
			isa = PBXGroup;
			children = (
				222DE9E2226CADED00688A80 /* README.md */,
				222DE9C1226CADD300688A80 /* PureMVVMSwift */,
				222DE9D6226CADD400688A80 /* PureMVVMSwiftTests */,
				222DE9C0226CADD300688A80 /* Products */,
			);
			sourceTree = "<group>";
		};
		222DE9C0226CADD300688A80 /* Products */ = {
			isa = PBXGroup;
			children = (
				222DE9BF226CADD300688A80 /* PureMVVMSwift.app */,
				222DE9D3226CADD400688A80 /* PureMVVMSwiftTests.xctest */,
			);
			name = Products;
			sourceTree = "<group>";
		};
		222DE9C1226CADD300688A80 /* PureMVVMSwift */ = {
			isa = PBXGroup;
			children = (
				222DE9C2226CADD300688A80 /* AppDelegate.swift */,
				222DE9C4226CADD300688A80 /* ViewController.swift */,
				222DE9E3226CB1E800688A80 /* LoginViewController.swift */,
				222DE9E5226CB48700688A80 /* LoginViewModel.swift */,
				222DE9C6226CADD300688A80 /* Main.storyboard */,
				222DE9C9226CADD400688A80 /* Assets.xcassets */,
				222DE9CB226CADD400688A80 /* LaunchScreen.storyboard */,
				222DE9CE226CADD400688A80 /* Info.plist */,
			);
			path = PureMVVMSwift;
			sourceTree = "<group>";
		};
		222DE9D6226CADD400688A80 /* PureMVVMSwiftTests */ = {
			isa = PBXGroup;
			children = (
				222DE9D7226CADD400688A80 /* PureMVVMSwiftTests.swift */,
				222DE9D9226CADD400688A80 /* Info.plist */,
			);
			path = PureMVVMSwiftTests;
			sourceTree = "<group>";
		};
/* End PBXGroup section */

/* Begin PBXNativeTarget section */
		222DE9BE226CADD300688A80 /* PureMVVMSwift */ = {
			isa = PBXNativeTarget;
			buildConfigurationList = 222DE9DC226CADD400688A80 /* Build configuration list for PBXNativeTarget "PureMVVMSwift" */;
			buildPhases = (
				222DE9BB226CADD300688A80 /* Sources */,
				222DE9BC226CADD300688A80 /* Frameworks */,
				222DE9BD226CADD300688A80 /* Resources */,
			);
			buildRules = (
			);
			dependencies = (
			);
			name = PureMVVMSwift;
			productName = PureMVVMSwift;
			productReference = 222DE9BF226CADD300688A80 /* PureMVVMSwift.app */;
			productType = "com.apple.product-type.application";
		};
		222DE9D2226CADD400688A80 /* PureMVVMSwiftTests */ = {
			isa = PBXNativeTarget;
			buildConfigurationList = 222DE9DF226CADD400688A80 /* Build configuration list for PBXNativeTarget "PureMVVMSwiftTests" */;
			buildPhases = (
				222DE9CF226CADD400688A80 /* Sources */,
				222DE9D0226CADD400688A80 /* Frameworks */,
				222DE9D1226CADD400688A80 /* Resources */,
			);
			buildRules = (
			);
			dependencies = (
				222DE9D5226CADD400688A80 /* PBXTargetDependency */,
			);
			name = PureMVVMSwiftTests;
			productName = PureMVVMSwiftTests;
			productReference = 222DE9D3226CADD400688A80 /* PureMVVMSwiftTests.xctest */;
			productType = "com.apple.product-type.bundle.unit-test";
		};
/* End PBXNativeTarget section */

/* Begin PBXProject section */
		222DE9B7226CADD300688A80 /* Project object */ = {
			isa = PBXProject;
			attributes = {
				LastSwiftUpdateCheck = 1020;
				LastUpgradeCheck = 1020;
				ORGANIZATIONNAME = vine;
				TargetAttributes = {
					222DE9BE226CADD300688A80 = {
						CreatedOnToolsVersion = 10.2;
					};
					222DE9D2226CADD400688A80 = {
						CreatedOnToolsVersion = 10.2;
						TestTargetID = 222DE9BE226CADD300688A80;
					};
				};
			};
			buildConfigurationList = 222DE9BA226CADD300688A80 /* Build configuration list for PBXProject "PureMVVMSwift" */;
			compatibilityVersion = "Xcode 9.3";
			developmentRegion = en;
			hasScannedForEncodings = 0;
			knownRegions = (
				en,
				Base,
			);
			mainGroup = 222DE9B6226CADD300688A80;
			productRefGroup = 222DE9C0226CADD300688A80 /* Products */;
			projectDirPath = "";
			projectRoot = "";
			targets = (
				222DE9BE226CADD300688A80 /* PureMVVMSwift */,
				222DE9D2226CADD400688A80 /* PureMVVMSwiftTests */,
			);
		};
/* End PBXProject section */

/* Begin PBXResourcesBuildPhase section */
		222DE9BD226CADD300688A80 /* Resources */ = {
			isa = PBXResourcesBuildPhase;
			buildActionMask = 2147483647;
			files = (
				222DE9CD226CADD400688A80 /* LaunchScreen.storyboard in Resources */,
				222DE9CA226CADD400688A80 /* Assets.xcassets in Resources */,
				222DE9C8226CADD300688A80 /* Main.storyboard in Resources */,
			);
			runOnlyForDeploymentPostprocessing = 0;
		};
		222DE9D1226CADD400688A80 /* Resources */ = {
			isa = PBXResourcesBuildPhase;
			buildActionMask = 2147483647;
			files = (
			);
			runOnlyForDeploymentPostprocessing = 0;
		};
/* End PBXResourcesBuildPhase section */

/* Begin PBXSourcesBuildPhase section */
		222DE9BB226CADD300688A80 /* Sources */ = {
			isa = PBXSourcesBuildPhase;
			buildActionMask = 2147483647;
			files = (
				222DE9E6226CB48700688A80 /* LoginViewModel.swift in Sources */,
				222DE9E4226CB1E800688A80 /* LoginViewController.swift in Sources */,
				222DE9C5226CADD300688A80 /* ViewController.swift in Sources */,
				222DE9C3226CADD300688A80 /* AppDelegate.swift in Sources */,
			);
			runOnlyForDeploymentPostprocessing = 0;
		};
		222DE9CF226CADD400688A80 /* Sources */ = {
			isa = PBXSourcesBuildPhase;
			buildActionMask = 2147483647;
			files = (
				222DE9D8226CADD400688A80 /* PureMVVMSwiftTests.swift in Sources */,
			);
			runOnlyForDeploymentPostprocessing = 0;
		};
/* End PBXSourcesBuildPhase section */

/* Begin PBXTargetDependency section */
		222DE9D5226CADD400688A80 /* PBXTargetDependency */ = {
			isa = PBXTargetDependency;
			target = 222DE9BE226CADD300688A80 /* PureMVVMSwift */;
			targetProxy = 222DE9D4226CADD400688A80 /* PBXContainerItemProxy */;
		};
/* End PBXTargetDependency section */

/* Begin PBXVariantGroup section */
		222DE9C6226CADD300688A80 /* Main.storyboard */ = {
			isa = PBXVariantGroup;
			children = (
				222DE9C7226CADD300688A80 /* Base */,
			);
			name = Main.storyboard;
			sourceTree = "<group>";
		};
		222DE9CB226CADD400688A80 /* LaunchScreen.storyboard */ = {
			isa = PBXVariantGroup;
			children = (
				222DE9CC226CADD400688A80 /* Base */,
			);
			name = LaunchScreen.storyboard;
			sourceTree = "<group>";
		};
/* End PBXVariantGroup section */

/* Begin XCBuildConfiguration section */
		222DE9DA226CADD400688A80 /* Debug */ = {
			isa = XCBuildConfiguration;
			buildSettings = {
				ALWAYS_SEARCH_USER_PATHS = NO;
				CLANG_ANALYZER_NONNULL = YES;
				CLANG_ANALYZER_NUMBER_OBJECT_CONVERSION = YES_AGGRESSIVE;
				CLANG_CXX_LANGUAGE_STANDARD = "gnu++14";
				CLANG_CXX_LIBRARY = "libc++";
				CLANG_ENABLE_MODULES = YES;
				CLANG_ENABLE_OBJC_ARC = YES;
				CLANG_ENABLE_OBJC_WEAK = YES;
				CLANG_WARN_BLOCK_CAPTURE_AUTORELEASING = YES;
				CLANG_WARN_BOOL_CONVERSION = YES;
				CLANG_WARN_COMMA = YES;
				CLANG_WARN_CONSTANT_CONVERSION = YES;
				CLANG_WARN_DEPRECATED_OBJC_IMPLEMENTATIONS = YES;
				CLANG_WARN_DIRECT_OBJC_ISA_USAGE = YES_ERROR;
				CLANG_WARN_DOCUMENTATION_COMMENTS = YES;
				CLANG_WARN_EMPTY_BODY = YES;
				CLANG_WARN_ENUM_CONVERSION = YES;
				CLANG_WARN_INFINITE_RECURSION = YES;
				CLANG_WARN_INT_CONVERSION = YES;
				CLANG_WARN_NON_LITERAL_NULL_CONVERSION = YES;
				CLANG_WARN_OBJC_IMPLICIT_RETAIN_SELF = YES;
				CLANG_WARN_OBJC_LITERAL_CONVERSION = YES;
				CLANG_WARN_OBJC_ROOT_CLASS = YES_ERROR;
				CLANG_WARN_RANGE_LOOP_ANALYSIS = YES;
				CLANG_WARN_STRICT_PROTOTYPES = YES;
				CLANG_WARN_SUSPICIOUS_MOVE = YES;
				CLANG_WARN_UNGUARDED_AVAILABILITY = YES_AGGRESSIVE;
				CLANG_WARN_UNREACHABLE_CODE = YES;
				CLANG_WARN__DUPLICATE_METHOD_MATCH = YES;
				CODE_SIGN_IDENTITY = "iPhone Developer";
				COPY_PHASE_STRIP = NO;
				DEBUG_INFORMATION_FORMAT = dwarf;
				ENABLE_STRICT_OBJC_MSGSEND = YES;
				ENABLE_TESTABILITY = YES;
				GCC_C_LANGUAGE_STANDARD = gnu11;
				GCC_DYNAMIC_NO_PIC = NO;
				GCC_NO_COMMON_BLOCKS = YES;
				GCC_OPTIMIZATION_LEVEL = 0;
				GCC_PREPROCESSOR_DEFINITIONS = (
					"DEBUG=1",
					"$(inherited)",
				);
				GCC_WARN_64_TO_32_BIT_CONVERSION = YES;
				GCC_WARN_ABOUT_RETURN_TYPE = YES_ERROR;
				GCC_WARN_UNDECLARED_SELECTOR = YES;
				GCC_WARN_UNINITIALIZED_AUTOS = YES_AGGRESSIVE;
				GCC_WARN_UNUSED_FUNCTION = YES;
				GCC_WARN_UNUSED_VARIABLE = YES;
				IPHONEOS_DEPLOYMENT_TARGET = 12.2;
				MTL_ENABLE_DEBUG_INFO = INCLUDE_SOURCE;
				MTL_FAST_MATH = YES;
				ONLY_ACTIVE_ARCH = YES;
				SDKROOT = iphoneos;
				SWIFT_ACTIVE_COMPILATION_CONDITIONS = DEBUG;
				SWIFT_OPTIMIZATION_LEVEL = "-Onone";
			};
			name = Debug;
		};
		222DE9DB226CADD400688A80 /* Release */ = {
			isa = XCBuildConfiguration;
			buildSettings = {
				ALWAYS_SEARCH_USER_PATHS = NO;
				CLANG_ANALYZER_NONNULL = YES;
				CLANG_ANALYZER_NUMBER_OBJECT_CONVERSION = YES_AGGRESSIVE;
				CLANG_CXX_LANGUAGE_STANDARD = "gnu++14";
				CLANG_CXX_LIBRARY = "libc++";
				CLANG_ENABLE_MODULES = YES;
				CLANG_ENABLE_OBJC_ARC = YES;
				CLANG_ENABLE_OBJC_WEAK = YES;
				CLANG_WARN_BLOCK_CAPTURE_AUTORELEASING = YES;
				CLANG_WARN_BOOL_CONVERSION = YES;
				CLANG_WARN_COMMA = YES;
				CLANG_WARN_CONSTANT_CONVERSION = YES;
				CLANG_WARN_DEPRECATED_OBJC_IMPLEMENTATIONS = YES;
				CLANG_WARN_DIRECT_OBJC_ISA_USAGE = YES_ERROR;
				CLANG_WARN_DOCUMENTATION_COMMENTS = YES;
				CLANG_WARN_EMPTY_BODY = YES;
				CLANG_WARN_ENUM_CONVERSION = YES;
				CLANG_WARN_INFINITE_RECURSION = YES;
				CLANG_WARN_INT_CONVERSION = YES;
				CLANG_WARN_NON_LITERAL_NULL_CONVERSION = YES;
				CLANG_WARN_OBJC_IMPLICIT_RETAIN_SELF = YES;
				CLANG_WARN_OBJC_LITERAL_CONVERSION = YES;
				CLANG_WARN_OBJC_ROOT_CLASS = YES_ERROR;
				CLANG_WARN_RANGE_LOOP_ANALYSIS = YES;
				CLANG_WARN_STRICT_PROTOTYPES = YES;
				CLANG_WARN_SUSPICIOUS_MOVE = YES;
				CLANG_WARN_UNGUARDED_AVAILABILITY = YES_AGGRESSIVE;
				CLANG_WARN_UNREACHABLE_CODE = YES;
				CLANG_WARN__DUPLICATE_METHOD_MATCH = YES;
				CODE_SIGN_IDENTITY = "iPhone Developer";
				COPY_PHASE_STRIP = NO;
				DEBUG_INFORMATION_FORMAT = "dwarf-with-dsym";
				ENABLE_NS_ASSERTIONS = NO;
				ENABLE_STRICT_OBJC_MSGSEND = YES;
				GCC_C_LANGUAGE_STANDARD = gnu11;
				GCC_NO_COMMON_BLOCKS = YES;
				GCC_WARN_64_TO_32_BIT_CONVERSION = YES;
				GCC_WARN_ABOUT_RETURN_TYPE = YES_ERROR;
				GCC_WARN_UNDECLARED_SELECTOR = YES;
				GCC_WARN_UNINITIALIZED_AUTOS = YES_AGGRESSIVE;
				GCC_WARN_UNUSED_FUNCTION = YES;
				GCC_WARN_UNUSED_VARIABLE = YES;
				IPHONEOS_DEPLOYMENT_TARGET = 12.2;
				MTL_ENABLE_DEBUG_INFO = NO;
				MTL_FAST_MATH = YES;
				SDKROOT = iphoneos;
				SWIFT_COMPILATION_MODE = wholemodule;
				SWIFT_OPTIMIZATION_LEVEL = "-O";
				VALIDATE_PRODUCT = YES;
			};
			name = Release;
		};
		222DE9DD226CADD400688A80 /* Debug */ = {
			isa = XCBuildConfiguration;
			buildSettings = {
				ASSETCATALOG_COMPILER_APPICON_NAME = AppIcon;
				CODE_SIGN_STYLE = Automatic;
				DEVELOPMENT_TEAM = N3PJA24574;
				INFOPLIST_FILE = PureMVVMSwift/Info.plist;
				LD_RUNPATH_SEARCH_PATHS = (
					"$(inherited)",
					"@executable_path/Frameworks",
				);
				PRODUCT_BUNDLE_IDENTIFIER = com.vine.PureMVVMSwift;
				PRODUCT_NAME = "$(TARGET_NAME)";
				SWIFT_VERSION = 5.0;
				TARGETED_DEVICE_FAMILY = "1,2";
			};
			name = Debug;
		};
		222DE9DE226CADD400688A80 /* Release */ = {
			isa = XCBuildConfiguration;
			buildSettings = {
				ASSETCATALOG_COMPILER_APPICON_NAME = AppIcon;
				CODE_SIGN_STYLE = Automatic;
				DEVELOPMENT_TEAM = N3PJA24574;
				INFOPLIST_FILE = PureMVVMSwift/Info.plist;
				LD_RUNPATH_SEARCH_PATHS = (
					"$(inherited)",
					"@executable_path/Frameworks",
				);
				PRODUCT_BUNDLE_IDENTIFIER = com.vine.PureMVVMSwift;
				PRODUCT_NAME = "$(TARGET_NAME)";
				SWIFT_VERSION = 5.0;
				TARGETED_DEVICE_FAMILY = "1,2";
			};
			name = Release;
		};
		222DE9E0226CADD400688A80 /* Debug */ = {
			isa = XCBuildConfiguration;
			buildSettings = {
				ALWAYS_EMBED_SWIFT_STANDARD_LIBRARIES = YES;
				BUNDLE_LOADER = "$(TEST_HOST)";
				CODE_SIGN_STYLE = Automatic;
				DEVELOPMENT_TEAM = N3PJA24574;
				INFOPLIST_FILE = PureMVVMSwiftTests/Info.plist;
				LD_RUNPATH_SEARCH_PATHS = (
					"$(inherited)",
					"@executable_path/Frameworks",
					"@loader_path/Frameworks",
				);
				PRODUCT_BUNDLE_IDENTIFIER = com.vine.PureMVVMSwiftTests;
				PRODUCT_NAME = "$(TARGET_NAME)";
				SWIFT_VERSION = 5.0;
				TARGETED_DEVICE_FAMILY = "1,2";
				TEST_HOST = "$(BUILT_PRODUCTS_DIR)/PureMVVMSwift.app/PureMVVMSwift";
			};
			name = Debug;
		};
		222DE9E1226CADD400688A80 /* Release */ = {
			isa = XCBuildConfiguration;
			buildSettings = {
				ALWAYS_EMBED_SWIFT_STANDARD_LIBRARIES = YES;
				BUNDLE_LOADER = "$(TEST_HOST)";
				CODE_SIGN_STYLE = Automatic;
				DEVELOPMENT_TEAM = N3PJA24574;
				INFOPLIST_FILE = PureMVVMSwiftTests/Info.plist;
				LD_RUNPATH_SEARCH_PATHS = (
					"$(inherited)",
					"@executable_path/Frameworks",
					"@loader_path/Frameworks",
				);
				PRODUCT_BUNDLE_IDENTIFIER = com.vine.PureMVVMSwiftTests;
				PRODUCT_NAME = "$(TARGET_NAME)";
				SWIFT_VERSION = 5.0;
				TARGETED_DEVICE_FAMILY = "1,2";
				TEST_HOST = "$(BUILT_PRODUCTS_DIR)/PureMVVMSwift.app/PureMVVMSwift";
			};
			name = Release;
		};
/* End XCBuildConfiguration section */

/* Begin XCConfigurationList section */
		222DE9BA226CADD300688A80 /* Build configuration list for PBXProject "PureMVVMSwift" */ = {
			isa = XCConfigurationList;
			buildConfigurations = (
				222DE9DA226CADD400688A80 /* Debug */,
				222DE9DB226CADD400688A80 /* Release */,
			);
			defaultConfigurationIsVisible = 0;
			defaultConfigurationName = Release;
		};
		222DE9DC226CADD400688A80 /* Build configuration list for PBXNativeTarget "PureMVVMSwift" */ = {
			isa = XCConfigurationList;
			buildConfigurations = (
				222DE9DD226CADD400688A80 /* Debug */,
				222DE9DE226CADD400688A80 /* Release */,
			);
			defaultConfigurationIsVisible = 0;
			defaultConfigurationName = Release;
		};
		222DE9DF226CADD400688A80 /* Build configuration list for PBXNativeTarget "PureMVVMSwiftTests" */ = {
			isa = XCConfigurationList;
			buildConfigurations = (
				222DE9E0226CADD400688A80 /* Debug */,
				222DE9E1226CADD400688A80 /* Release */,
			);
			defaultConfigurationIsVisible = 0;
			defaultConfigurationName = Release;
		};
/* End XCConfigurationList section */
	};
	rootObject = 222DE9B7226CADD300688A80 /* Project object */;
}
